# This file is autogenerated, do not edit; changes may be undone by the next 'dep ensure'.


[[projects]]
  digest = "1:94c8b086b1f2a311ccabe6a18ceefcfed5b78a7a963f38d4be69e6eff0687c22"
  name = "github.com/freerware/work"
  packages = ["."]
  pruneopts = "UT"
  revision = "4106889a0bddfd8d5c179be331c022ab510aae1f"
  version = "v1.0.0"

[[projects]]
  digest = "1:1fee48c5f070f8bd2f8378a1b27c94e4dfd43ac6ef43024ebf2957bf13d33fc0"
  name = "github.com/freerware/workfx"
  packages = ["."]
  pruneopts = "UT"
  revision = "d040e9eea8d40d41593ba029d22d78a9691b52a9"
  version = "v1.0.0"

[[projects]]
  digest = "1:ec6f9bf5e274c833c911923c9193867f3f18788c461f76f05f62bb1510e0ae65"
  name = "github.com/go-sql-driver/mysql"
  packages = ["."]
  pruneopts = "UT"
  revision = "72cd26f257d44c1114970e19afddcd812016007e"
  version = "v1.4.1"

[[projects]]
  digest = "1:4d2e5a73dc1500038e504a8d78b986630e3626dc027bc030ba5c75da257cdb96"
  name = "github.com/go-yaml/yaml"
  packages = ["."]
  pruneopts = "UT"
  revision = "51d6538a90f86fe93ac480b35f37b2be17fef232"
  version = "v2.2.2"

[[projects]]
  digest = "1:bed9d72d596f94e65fff37f4d6c01398074a6bb1c3f3ceff963516bd01db6ff5"
  name = "github.com/gofrs/uuid"
  packages = ["."]
  pruneopts = "UT"
  revision = "6b08a5c5172ba18946672b49749cde22873dd7c2"
  version = "v3.2.0"

[[projects]]
  digest = "1:3af6be4fee7c08f81f13d36f04ffb63ad4b6b5aaba12cce96095c7c2863d4912"
  name = "github.com/gorilla/mux"
  packages = ["."]
  pruneopts = "UT"
  revision = "ed099d42384823742bba0bf9a72b53b55c9e2e38"
  version = "v1.7.2"

[[projects]]
  digest = "1:ff6b126259880858441d0a43e63c3f2f9071601415e1f34a7f053f90cbef8464"
  name = "go.uber.org/atomic"
  packages = ["."]
  pruneopts = "UT"
  revision = "3b8db5e93c4c02efbc313e17b2e796b0914a01fb"
  version = "v1.1.0"

[[projects]]
  digest = "1:2773e4e922e5af534775962ffef08770b8114e177590f7605886528d37417105"
  name = "go.uber.org/dig"
  packages = [
    ".",
    "internal/digreflect",
    "internal/dot",
  ]
  pruneopts = "UT"
  revision = "7ff117f761a3f1b3eb521945c17a1091438eb6de"
  version = "v1.7.0"

[[projects]]
  digest = "1:74e59bc785a76b467b9a5c0353193e8befa0c27863413e5fc52e87cf3d24fa4e"
  name = "go.uber.org/fx"
  packages = [
    ".",
    "internal/fxlog",
    "internal/fxreflect",
    "internal/lifecycle",
  ]
  pruneopts = "UT"
  revision = "3de044da969b90ad0a3e4a7867a74662f645f3f9"
  version = "v1.9.0"

[[projects]]
  digest = "1:60bf2a5e347af463c42ed31a493d817f8a72f102543060ed992754e689805d1a"
  name = "go.uber.org/multierr"
  packages = ["."]
  pruneopts = "UT"
  revision = "3c4937480c32f4c13a875a1829af76c98ca3d40a"
  version = "v1.1.0"

[[projects]]
  digest = "1:676160e6a4722b08e0e26b11521d575c2cb2b6f0c679e1ee6178c5d8dee51e5e"
  name = "go.uber.org/zap"
  packages = [
    ".",
    "buffer",
    "internal/bufferpool",
    "internal/color",
    "internal/exit",
    "zapcore",
  ]
  pruneopts = "UT"
  revision = "27376062155ad36be76b0f12cf1572a221d3a48c"
  version = "v1.10.0"

[[projects]]
  branch = "master"
  digest = "1:9d5b5d543996dd584da1db1e0de1926f3e4c3a8dba0fa2f8db70f3ebee2342e0"
  name = "golang.org/x/crypto"
  packages = [
    "bcrypt",
    "blowfish",
  ]
  pruneopts = "UT"
  revision = "20be4c3c3ed52bfccdb2d59a412ee1a936d175a7"

[[projects]]
  digest = "1:c25289f43ac4a68d88b02245742347c94f1e108c534dda442188015ff80669b3"
  name = "google.golang.org/appengine"
  packages = ["cloudsql"]
  pruneopts = "UT"
  revision = "4c25cacc810c02874000e4f7071286a8e96b2515"
  version = "v1.6.0"

[solve-meta]
  analyzer-name = "dep"
  analyzer-version = 1
  input-imports = [
    "github.com/freerware/work",
    "github.com/freerware/workfx",
    "github.com/go-sql-driver/mysql",
    "github.com/go-yaml/yaml",
    "github.com/gofrs/uuid",
    "github.com/gorilla/mux",
    "go.uber.org/fx",
    "go.uber.org/zap",
    "golang.org/x/crypto/bcrypt",
  ]
  solver-name = "gps-cdcl"
  solver-version = 1
